
Microsoft Visual Studio Solution File, Format Version 12.00
# Visual Studio Version 16
VisualStudioVersion = 16.0.31605.320
MinimumVisualStudioVersion = 10.0.40219.1
Project("{FAE04EC0-301F-11D3-BF4B-00C04F79EFBC}") = "TestApp.Android", "TestApp\TestApp.Android\TestApp.Android.csproj", "{7F0557C4-F7E1-47DC-B4C7-AB4F460AF1F9}"
EndProject
Project("{FAE04EC0-301F-11D3-BF4B-00C04F79EFBC}") = "TestApp.iOS", "TestApp\TestApp.iOS\TestApp.iOS.csproj", "{A02AB71E-D85F-4088-93ED-14080AE84062}"
EndProject
Project("{9A19103F-16F7-4668-BE54-9A1E7A4F7556}") = "TestApp", "TestApp\TestApp\TestApp.csproj", "{2F1CE20D-CE3B-4B87-A40C-1ABB3ACB3952}"
EndProject
Global
	GlobalSection(SolutionConfigurationPlatforms) = preSolution
		Debug|Any CPU = Debug|Any CPU
		Debug|iPhone = Debug|iPhone
		Debug|iPhoneSimulator = Debug|iPhoneSimulator
		Release|Any CPU = Release|Any CPU
		Release|iPhone = Release|iPhone
		Release|iPhoneSimulator = Release|iPhoneSimulator
	EndGlobalSection
	GlobalSection(ProjectConfigurationPlatforms) = postSolution
		{7F0557C4-F7E1-47DC-B4C7-AB4F460AF1F9}.Debug|Any CPU.ActiveCfg = Debug|Any CPU
		{7F0557C4-F7E1-47DC-B4C7-AB4F460AF1F9}.Debug|Any CPU.Build.0 = Debug|Any CPU
		{7F0557C4-F7E1-47DC-B4C7-AB4F460AF1F9}.Debug|Any CPU.Deploy.0 = Debug|Any CPU
		{7F0557C4-F7E1-47DC-B4C7-AB4F460AF1F9}.Debug|iPhone.ActiveCfg = Debug|Any CPU
		{7F0557C4-F7E1-47DC-B4C7-AB4F460AF1F9}.Debug|iPhone.Build.0 = Debug|Any CPU
		{7F0557C4-F7E1-47DC-B4C7-AB4F460AF1F9}.Debug|iPhone.Deploy.0 = Debug|Any CPU
		{7F0557C4-F7E1-47DC-B4C7-AB4F460AF1F9}.Debug|iPhoneSimulator.ActiveCfg = Debug|Any CPU
		{7F0557C4-F7E1-47DC-B4C7-AB4F460AF1F9}.Debug|iPhoneSimulator.Build.0 = Debug|Any CPU
		{7F0557C4-F7E1-47DC-B4C7-AB4F460AF1F9}.Debug|iPhoneSimulator.Deploy.0 = Debug|Any CPU
		{7F0557C4-F7E1-47DC-B4C7-AB4F460AF1F9}.Release|Any CPU.ActiveCfg = Release|Any CPU
		{7F0557C4-F7E1-47DC-B4C7-AB4F460AF1F9}.Release|Any CPU.Build.0 = Release|Any CPU
		{7F0557C4-F7E1-47DC-B4C7-AB4F460AF1F9}.Release|Any CPU.Deploy.0 = Release|Any CPU
		{7F0557C4-F7E1-47DC-B4C7-AB4F460AF1F9}.Release|iPhone.ActiveCfg = Release|Any CPU
		{7F0557C4-F7E1-47DC-B4C7-AB4F460AF1F9}.Release|iPhone.Build.0 = Release|Any CPU
		{7F0557C4-F7E1-47DC-B4C7-AB4F460AF1F9}.Release|iPhone.Deploy.0 = Release|Any CPU
		{7F0557C4-F7E1-47DC-B4C7-AB4F460AF1F9}.Release|iPhoneSimulator.ActiveCfg = Release|Any CPU
		{7F0557C4-F7E1-47DC-B4C7-AB4F460AF1F9}.Release|iPhoneSimulator.Build.0 = Release|Any CPU
		{7F0557C4-F7E1-47DC-B4C7-AB4F460AF1F9}.Release|iPhoneSimulator.Deploy.0 = Release|Any CPU
		{A02AB71E-D85F-4088-93ED-14080AE84062}.Debug|Any CPU.ActiveCfg = Debug|iPhone
		{A02AB71E-D85F-4088-93ED-14080AE84062}.Debug|Any CPU.Build.0 = Debug|iPhone
		{A02AB71E-D85F-4088-93ED-14080AE84062}.Debug|Any CPU.Deploy.0 = Debug|iPhone
		{A02AB71E-D85F-4088-93ED-14080AE84062}.Debug|iPhone.ActiveCfg = Debug|iPhone
		{A02AB71E-D85F-4088-93ED-14080AE84062}.Debug|iPhone.Build.0 = Debug|iPhone
		{A02AB71E-D85F-4088-93ED-14080AE84062}.Debug|iPhone.Deploy.0 = Debug|iPhone
		{A02AB71E-D85F-4088-93ED-14080AE84062}.Debug|iPhoneSimulator.ActiveCfg = Debug|iPhoneSimulator
		{A02AB71E-D85F-4088-93ED-14080AE84062}.Debug|iPhoneSimulator.Build.0 = Debug|iPhoneSimulator
		{A02AB71E-D85F-4088-93ED-14080AE84062}.Debug|iPhoneSimulator.Deploy.0 = Debug|iPhoneSimulator
		{A02AB71E-D85F-4088-93ED-14080AE84062}.Release|Any CPU.ActiveCfg = Release|iPhoneSimulator
		{A02AB71E-D85F-4088-93ED-14080AE84062}.Release|Any CPU.Build.0 = Release|iPhoneSimulator
		{A02AB71E-D85F-4088-93ED-14080AE84062}.Release|Any CPU.Deploy.0 = Release|iPhoneSimulator
		{A02AB71E-D85F-4088-93ED-14080AE84062}.Release|iPhone.ActiveCfg = Release|iPhone
		{A02AB71E-D85F-4088-93ED-14080AE84062}.Release|iPhone.Build.0 = Release|iPhone
		{A02AB71E-D85F-4088-93ED-14080AE84062}.Release|iPhone.Deploy.0 = Release|iPhone
		{A02AB71E-D85F-4088-93ED-14080AE84062}.Release|iPhoneSimulator.ActiveCfg = Release|iPhoneSimulator
		{A02AB71E-D85F-4088-93ED-14080AE84062}.Release|iPhoneSimulator.Build.0 = Release|iPhoneSimulator
		{A02AB71E-D85F-4088-93ED-14080AE84062}.Release|iPhoneSimulator.Deploy.0 = Release|iPhoneSimulator
		{2F1CE20D-CE3B-4B87-A40C-1ABB3ACB3952}.Debug|Any CPU.ActiveCfg = Debug|Any CPU
		{2F1CE20D-CE3B-4B87-A40C-1ABB3ACB3952}.Debug|Any CPU.Build.0 = Debug|Any CPU
		{2F1CE20D-CE3B-4B87-A40C-1ABB3ACB3952}.Debug|Any CPU.Deploy.0 = Debug|Any CPU
		{2F1CE20D-CE3B-4B87-A40C-1ABB3ACB3952}.Debug|iPhone.ActiveCfg = Debug|Any CPU
		{2F1CE20D-CE3B-4B87-A40C-1ABB3ACB3952}.Debug|iPhone.Build.0 = Debug|Any CPU
		{2F1CE20D-CE3B-4B87-A40C-1ABB3ACB3952}.Debug|iPhone.Deploy.0 = Debug|Any CPU
		{2F1CE20D-CE3B-4B87-A40C-1ABB3ACB3952}.Debug|iPhoneSimulator.ActiveCfg = Debug|Any CPU
		{2F1CE20D-CE3B-4B87-A40C-1ABB3ACB3952}.Debug|iPhoneSimulator.Build.0 = Debug|Any CPU
		{2F1CE20D-CE3B-4B87-A40C-1ABB3ACB3952}.Debug|iPhoneSimulator.Deploy.0 = Debug|Any CPU
		{2F1CE20D-CE3B-4B87-A40C-1ABB3ACB3952}.Release|Any CPU.ActiveCfg = Release|Any CPU
		{2F1CE20D-CE3B-4B87-A40C-1ABB3ACB3952}.Release|Any CPU.Build.0 = Release|Any CPU
		{2F1CE20D-CE3B-4B87-A40C-1ABB3ACB3952}.Release|Any CPU.Deploy.0 = Release|Any CPU
		{2F1CE20D-CE3B-4B87-A40C-1ABB3ACB3952}.Release|iPhone.ActiveCfg = Release|Any CPU
		{2F1CE20D-CE3B-4B87-A40C-1ABB3ACB3952}.Release|iPhone.Build.0 = Release|Any CPU
		{2F1CE20D-CE3B-4B87-A40C-1ABB3ACB3952}.Release|iPhone.Deploy.0 = Release|Any CPU
		{2F1CE20D-CE3B-4B87-A40C-1ABB3ACB3952}.Release|iPhoneSimulator.ActiveCfg = Release|Any CPU
		{2F1CE20D-CE3B-4B87-A40C-1ABB3ACB3952}.Release|iPhoneSimulator.Build.0 = Release|Any CPU
		{2F1CE20D-CE3B-4B87-A40C-1ABB3ACB3952}.Release|iPhoneSimulator.Deploy.0 = Release|Any CPU
	EndGlobalSection
	GlobalSection(SolutionProperties) = preSolution
		HideSolutionNode = FALSE
	EndGlobalSection
	GlobalSection(ExtensibilityGlobals) = postSolution
		SolutionGuid = {9DFE598E-A115-4CBA-9899-31307F60A556}
	EndGlobalSection
EndGlobal
